
Microsoft Visual Studio Solution File, Format Version 12.00
# Visual Studio Version 16
VisualStudioVersion = 16.0.30907.101
MinimumVisualStudioVersion = 10.0.40219.1
Project("{FAE04EC0-301F-11D3-BF4B-00C04F79EFBC}") = "AutomaticContainrizationProject", "AutomaticContainrizationProject.csproj", "{ADF84D4B-5341-41F5-AE05-6BE8A28497AB}"
EndProject
Global
	GlobalSection(SolutionConfigurationPlatforms) = preSolution
		Debug|Any CPU = Debug|Any CPU
		Release|Any CPU = Release|Any CPU
	EndGlobalSection
	GlobalSection(ProjectConfigurationPlatforms) = postSolution
		{ADF84D4B-5341-41F5-AE05-6BE8A28497AB}.Debug|Any CPU.ActiveCfg = Debug|Any CPU
		{ADF84D4B-5341-41F5-AE05-6BE8A28497AB}.Debug|Any CPU.Build.0 = Debug|Any CPU
		{ADF84D4B-5341-41F5-AE05-6BE8A28497AB}.Release|Any CPU.ActiveCfg = Release|Any CPU
		{ADF84D4B-5341-41F5-AE05-6BE8A28497AB}.Release|Any CPU.Build.0 = Release|Any CPU
	EndGlobalSection
	GlobalSection(SolutionProperties) = preSolution
		HideSolutionNode = FALSE
	EndGlobalSection
	GlobalSection(ExtensibilityGlobals) = postSolution
		SolutionGuid = {F8316E12-90F7-4452-98A5-FFFE870D99DF}
	EndGlobalSection
EndGlobal
